
Microsoft Visual Studio Solution File, Format Version 12.00
# Visual Studio Version 16
VisualStudioVersion = 16.0.32802.440
MinimumVisualStudioVersion = 10.0.40219.1
Project("{FAE04EC0-301F-11D3-BF4B-00C04F79EFBC}") = "student information", "student information\student information.csproj", "{FC2B9B83-6A34-4260-B7C2-DFFE5CBD4645}"
EndProject
Global
	GlobalSection(SolutionConfigurationPlatforms) = preSolution
		Debug|Any CPU = Debug|Any CPU
		Release|Any CPU = Release|Any CPU
	EndGlobalSection
	GlobalSection(ProjectConfigurationPlatforms) = postSolution
		{FC2B9B83-6A34-4260-B7C2-DFFE5CBD4645}.Debug|Any CPU.ActiveCfg = Debug|Any CPU
		{FC2B9B83-6A34-4260-B7C2-DFFE5CBD4645}.Debug|Any CPU.Build.0 = Debug|Any CPU
		{FC2B9B83-6A34-4260-B7C2-DFFE5CBD4645}.Release|Any CPU.ActiveCfg = Release|Any CPU
		{FC2B9B83-6A34-4260-B7C2-DFFE5CBD4645}.Release|Any CPU.Build.0 = Release|Any CPU
	EndGlobalSection
	GlobalSection(SolutionProperties) = preSolution
		HideSolutionNode = FALSE
	EndGlobalSection
	GlobalSection(ExtensibilityGlobals) = postSolution
		SolutionGuid = {0A196384-6D37-423F-8625-F6FF2C3C421C}
	EndGlobalSection
EndGlobal
